{
  "name": "miniprogram",
  "version": "1.0.0",
  "lockfileVersion": 1,
  "requires": true,
  "dependencies": {
    "wxapp-animate": {
      "version": "0.0.2",
      "resolved": "https://registry.npmjs.org/wxapp-animate/-/wxapp-animate-0.0.2.tgz",
      "integrity": "sha512-7e7dI33d8rqmNeY6qyDy3YgM/tkPXj9rJ5LHfVMaMjMQjKUYvpVF/cWJdzvI1QdInDKLRIjXNVAHQSNldQs40Q=="
    }
  }
}
